{
  "name": "test-project",
  "version": "1.0.0",
  "lockfileVersion": 1,
  "requires": true,
  "dependencies": {
    "node-geometry-library": {
      "version": "1.2.3",
      "resolved": "https://registry.npmjs.org/node-geometry-library/-/node-geometry-library-1.2.3.tgz",
      "integrity": "sha512-5AGjpND57SfcIVmKABK3mQSbvAKPb6O27EM6ECP0718eN8uJBI1WQcmIhljqh2a+J9zJV9/dYl9d5dLf2/eOww=="
    },
    "printName": {
      "version": "github:DustinHaefele/node-package-test#ae8ec50fc6182cec5872b93e488d1bf83c6c67fc",
      "from": "github:DustinHaefele/node-package-test#master",
      "requires": {
        "node-geometry-library": "^1.2.3"
      }
    },
    "utilsLibrary": {
      "version": "git+ssh://git@gitlab.com/auditdeploy-team/utils-library.git#281c8510d1a14fdd96cfe87915fb7c2254ce20bb",
      "from": "git+ssh://git@gitlab.com/auditdeploy-team/utils-library.git#develop"
    }
  }
}
